// !$*UTF8*$!
{
	archiveVersion = 1;
	classes = {
	};
	objectVersion = 46;
	objects = {

/* Begin PBXBuildFile section */
		840B7CDF204C2F5A009BE583 /* LevelViewController.swift in Sources */ = {isa = PBXBuildFile; fileRef = 840B7CDE204C2F5A009BE583 /* LevelViewController.swift */; };
		840B7CE1204C2FA7009BE583 /* Level.swift in Sources */ = {isa = PBXBuildFile; fileRef = 840B7CE0204C2FA7009BE583 /* Level.swift */; };
		840B7CE3204C3221009BE583 /* LevelViewCell.swift in Sources */ = {isa = PBXBuildFile; fileRef = 840B7CE2204C3221009BE583 /* LevelViewCell.swift */; };
		840CBFD120584C2B007D9033 /* GameSettings.swift in Sources */ = {isa = PBXBuildFile; fileRef = 840CBFD020584C2B007D9033 /* GameSettings.swift */; };
		840DDD10202C9AB700094903 /* ArrayExtention.swift in Sources */ = {isa = PBXBuildFile; fileRef = 840DDD0F202C9AB700094903 /* ArrayExtention.swift */; };
		840FA313201F0F8A007B4958 /* AppDelegate.swift in Sources */ = {isa = PBXBuildFile; fileRef = 840FA312201F0F8A007B4958 /* AppDelegate.swift */; };
		840FA315201F0F8A007B4958 /* GameViewController.swift in Sources */ = {isa = PBXBuildFile; fileRef = 840FA314201F0F8A007B4958 /* GameViewController.swift */; };
		840FA318201F0F8A007B4958 /* Main.storyboard in Resources */ = {isa = PBXBuildFile; fileRef = 840FA316201F0F8A007B4958 /* Main.storyboard */; };
		840FA31A201F0F8A007B4958 /* Assets.xcassets in Resources */ = {isa = PBXBuildFile; fileRef = 840FA319201F0F8A007B4958 /* Assets.xcassets */; };
		840FA31D201F0F8A007B4958 /* LaunchScreen.storyboard in Resources */ = {isa = PBXBuildFile; fileRef = 840FA31B201F0F8A007B4958 /* LaunchScreen.storyboard */; };
		840FA325201F1403007B4958 /* Card.swift in Sources */ = {isa = PBXBuildFile; fileRef = 840FA324201F1403007B4958 /* Card.swift */; };
		840FA327201F1835007B4958 /* CardViewCell.swift in Sources */ = {isa = PBXBuildFile; fileRef = 840FA326201F1835007B4958 /* CardViewCell.swift */; };
		841790FF205050B90002582D /* EndOfGameController.swift in Sources */ = {isa = PBXBuildFile; fileRef = 841790FE205050B90002582D /* EndOfGameController.swift */; };
		843F280D20207B2C00558CE9 /* CenterAlignedCollectionViewFlowLayout.swift in Sources */ = {isa = PBXBuildFile; fileRef = 843F280C20207B2C00558CE9 /* CenterAlignedCollectionViewFlowLayout.swift */; };
		8447AE61203C8772006A9C30 /* DesignableView.swift in Sources */ = {isa = PBXBuildFile; fileRef = 8447AE60203C8772006A9C30 /* DesignableView.swift */; };
		8466F1862034B9E300C4D351 /* Game.swift in Sources */ = {isa = PBXBuildFile; fileRef = 8466F1852034B9E300C4D351 /* Game.swift */; };
/* End PBXBuildFile section */

/* Begin PBXFileReference section */
		840B7CDE204C2F5A009BE583 /* LevelViewController.swift */ = {isa = PBXFileReference; fileEncoding = 4; lastKnownFileType = sourcecode.swift; path = LevelViewController.swift; sourceTree = "<group>"; };
		840B7CE0204C2FA7009BE583 /* Level.swift */ = {isa = PBXFileReference; fileEncoding = 4; lastKnownFileType = sourcecode.swift; path = Level.swift; sourceTree = "<group>"; };
		840B7CE2204C3221009BE583 /* LevelViewCell.swift */ = {isa = PBXFileReference; fileEncoding = 4; lastKnownFileType = sourcecode.swift; path = LevelViewCell.swift; sourceTree = "<group>"; };
		840CBFD020584C2B007D9033 /* GameSettings.swift */ = {isa = PBXFileReference; fileEncoding = 4; lastKnownFileType = sourcecode.swift; path = GameSettings.swift; sourceTree = "<group>"; };
		840DDD0F202C9AB700094903 /* ArrayExtention.swift */ = {isa = PBXFileReference; fileEncoding = 4; lastKnownFileType = sourcecode.swift; path = ArrayExtention.swift; sourceTree = "<group>"; };
		840FA30F201F0F8A007B4958 /* Cards.app */ = {isa = PBXFileReference; explicitFileType = wrapper.application; includeInIndex = 0; path = Cards.app; sourceTree = BUILT_PRODUCTS_DIR; };
		840FA312201F0F8A007B4958 /* AppDelegate.swift */ = {isa = PBXFileReference; lastKnownFileType = sourcecode.swift; path = AppDelegate.swift; sourceTree = "<group>"; };
		840FA314201F0F8A007B4958 /* GameViewController.swift */ = {isa = PBXFileReference; lastKnownFileType = sourcecode.swift; path = GameViewController.swift; sourceTree = "<group>"; };
		840FA317201F0F8A007B4958 /* Base */ = {isa = PBXFileReference; lastKnownFileType = file.storyboard; name = Base; path = Base.lproj/Main.storyboard; sourceTree = "<group>"; };
		840FA319201F0F8A007B4958 /* Assets.xcassets */ = {isa = PBXFileReference; lastKnownFileType = folder.assetcatalog; path = Assets.xcassets; sourceTree = "<group>"; };
		840FA31C201F0F8A007B4958 /* Base */ = {isa = PBXFileReference; lastKnownFileType = file.storyboard; name = Base; path = Base.lproj/LaunchScreen.storyboard; sourceTree = "<group>"; };
		840FA31E201F0F8A007B4958 /* Info.plist */ = {isa = PBXFileReference; lastKnownFileType = text.plist.xml; path = Info.plist; sourceTree = "<group>"; };
		840FA324201F1403007B4958 /* Card.swift */ = {isa = PBXFileReference; fileEncoding = 4; lastKnownFileType = sourcecode.swift; path = Card.swift; sourceTree = "<group>"; };
		840FA326201F1835007B4958 /* CardViewCell.swift */ = {isa = PBXFileReference; fileEncoding = 4; lastKnownFileType = sourcecode.swift; path = CardViewCell.swift; sourceTree = "<group>"; };
		841790FE205050B90002582D /* EndOfGameController.swift */ = {isa = PBXFileReference; fileEncoding = 4; lastKnownFileType = sourcecode.swift; path = EndOfGameController.swift; sourceTree = "<group>"; };
		843F280C20207B2C00558CE9 /* CenterAlignedCollectionViewFlowLayout.swift */ = {isa = PBXFileReference; fileEncoding = 4; lastKnownFileType = sourcecode.swift; path = CenterAlignedCollectionViewFlowLayout.swift; sourceTree = "<group>"; };
		8447AE60203C8772006A9C30 /* DesignableView.swift */ = {isa = PBXFileReference; fileEncoding = 4; lastKnownFileType = sourcecode.swift; path = DesignableView.swift; sourceTree = "<group>"; };
		8466F1852034B9E300C4D351 /* Game.swift */ = {isa = PBXFileReference; fileEncoding = 4; lastKnownFileType = sourcecode.swift; path = Game.swift; sourceTree = "<group>"; };
/* End PBXFileReference section */

/* Begin PBXFrameworksBuildPhase section */
		840FA30C201F0F8A007B4958 /* Frameworks */ = {
			isa = PBXFrameworksBuildPhase;
			buildActionMask = 2147483647;
			files = (
			);
			runOnlyForDeploymentPostprocessing = 0;
		};
/* End PBXFrameworksBuildPhase section */

/* Begin PBXGroup section */
		840FA306201F0F8A007B4958 = {
			isa = PBXGroup;
			children = (
				840FA311201F0F8A007B4958 /* Cards */,
				840FA310201F0F8A007B4958 /* Products */,
			);
			sourceTree = "<group>";
		};
		840FA310201F0F8A007B4958 /* Products */ = {
			isa = PBXGroup;
			children = (
				840FA30F201F0F8A007B4958 /* Cards.app */,
			);
			name = Products;
			sourceTree = "<group>";
		};
		840FA311201F0F8A007B4958 /* Cards */ = {
			isa = PBXGroup;
			children = (
				840FA312201F0F8A007B4958 /* AppDelegate.swift */,
				841790FE205050B90002582D /* EndOfGameController.swift */,
				840FA314201F0F8A007B4958 /* GameViewController.swift */,
				840B7CE2204C3221009BE583 /* LevelViewCell.swift */,
				840B7CDE204C2F5A009BE583 /* LevelViewController.swift */,
				840CBFD020584C2B007D9033 /* GameSettings.swift */,
				8466F1852034B9E300C4D351 /* Game.swift */,
				840FA316201F0F8A007B4958 /* Main.storyboard */,
				840B7CE0204C2FA7009BE583 /* Level.swift */,
				8447AE60203C8772006A9C30 /* DesignableView.swift */,
				840DDD0F202C9AB700094903 /* ArrayExtention.swift */,
				840FA319201F0F8A007B4958 /* Assets.xcassets */,
				840FA31B201F0F8A007B4958 /* LaunchScreen.storyboard */,
				840FA31E201F0F8A007B4958 /* Info.plist */,
				840FA324201F1403007B4958 /* Card.swift */,
				840FA326201F1835007B4958 /* CardViewCell.swift */,
				843F280C20207B2C00558CE9 /* CenterAlignedCollectionViewFlowLayout.swift */,
			);
			path = Cards;
			sourceTree = "<group>";
		};
/* End PBXGroup section */

/* Begin PBXNativeTarget section */
		840FA30E201F0F8A007B4958 /* Cards */ = {
			isa = PBXNativeTarget;
			buildConfigurationList = 840FA321201F0F8A007B4958 /* Build configuration list for PBXNativeTarget "Cards" */;
			buildPhases = (
				840FA30B201F0F8A007B4958 /* Sources */,
				840FA30C201F0F8A007B4958 /* Frameworks */,
				840FA30D201F0F8A007B4958 /* Resources */,
			);
			buildRules = (
			);
			dependencies = (
			);
			name = Cards;
			productName = Cards;
			productReference = 840FA30F201F0F8A007B4958 /* Cards.app */;
			productType = "com.apple.product-type.application";
		};
/* End PBXNativeTarget section */

/* Begin PBXProject section */
		840FA307201F0F8A007B4958 /* Project object */ = {
			isa = PBXProject;
			attributes = {
				LastSwiftUpdateCheck = 0820;
				LastUpgradeCheck = 0820;
				ORGANIZATIONNAME = Admin;
				TargetAttributes = {
					840FA30E201F0F8A007B4958 = {
						CreatedOnToolsVersion = 8.2.1;
						ProvisioningStyle = Automatic;
					};
				};
			};
			buildConfigurationList = 840FA30A201F0F8A007B4958 /* Build configuration list for PBXProject "Cards" */;
			compatibilityVersion = "Xcode 3.2";
			developmentRegion = English;
			hasScannedForEncodings = 0;
			knownRegions = (
				en,
				Base,
			);
			mainGroup = 840FA306201F0F8A007B4958;
			productRefGroup = 840FA310201F0F8A007B4958 /* Products */;
			projectDirPath = "";
			projectRoot = "";
			targets = (
				840FA30E201F0F8A007B4958 /* Cards */,
			);
		};
/* End PBXProject section */

/* Begin PBXResourcesBuildPhase section */
		840FA30D201F0F8A007B4958 /* Resources */ = {
			isa = PBXResourcesBuildPhase;
			buildActionMask = 2147483647;
			files = (
				840FA31D201F0F8A007B4958 /* LaunchScreen.storyboard in Resources */,
				840FA31A201F0F8A007B4958 /* Assets.xcassets in Resources */,
				840FA318201F0F8A007B4958 /* Main.storyboard in Resources */,
			);
			runOnlyForDeploymentPostprocessing = 0;
		};
/* End PBXResourcesBuildPhase section */

/* Begin PBXSourcesBuildPhase section */
		840FA30B201F0F8A007B4958 /* Sources */ = {
			isa = PBXSourcesBuildPhase;
			buildActionMask = 2147483647;
			files = (
				840FA315201F0F8A007B4958 /* GameViewController.swift in Sources */,
				840B7CE1204C2FA7009BE583 /* Level.swift in Sources */,
				840CBFD120584C2B007D9033 /* GameSettings.swift in Sources */,
				841790FF205050B90002582D /* EndOfGameController.swift in Sources */,
				840B7CDF204C2F5A009BE583 /* LevelViewController.swift in Sources */,
				840FA325201F1403007B4958 /* Card.swift in Sources */,
				840B7CE3204C3221009BE583 /* LevelViewCell.swift in Sources */,
				843F280D20207B2C00558CE9 /* CenterAlignedCollectionViewFlowLayout.swift in Sources */,
				840FA327201F1835007B4958 /* CardViewCell.swift in Sources */,
				8466F1862034B9E300C4D351 /* Game.swift in Sources */,
				840DDD10202C9AB700094903 /* ArrayExtention.swift in Sources */,
				8447AE61203C8772006A9C30 /* DesignableView.swift in Sources */,
				840FA313201F0F8A007B4958 /* AppDelegate.swift in Sources */,
			);
			runOnlyForDeploymentPostprocessing = 0;
		};
/* End PBXSourcesBuildPhase section */

/* Begin PBXVariantGroup section */
		840FA316201F0F8A007B4958 /* Main.storyboard */ = {
			isa = PBXVariantGroup;
			children = (
				840FA317201F0F8A007B4958 /* Base */,
			);
			name = Main.storyboard;
			sourceTree = "<group>";
		};
		840FA31B201F0F8A007B4958 /* LaunchScreen.storyboard */ = {
			isa = PBXVariantGroup;
			children = (
				840FA31C201F0F8A007B4958 /* Base */,
			);
			name = LaunchScreen.storyboard;
			sourceTree = "<group>";
		};
/* End PBXVariantGroup section */

/* Begin XCBuildConfiguration section */
		840FA31F201F0F8A007B4958 /* Debug */ = {
			isa = XCBuildConfiguration;
			buildSettings = {
				ALWAYS_SEARCH_USER_PATHS = NO;
				CLANG_ANALYZER_NONNULL = YES;
				CLANG_CXX_LANGUAGE_STANDARD = "gnu++0x";
				CLANG_CXX_LIBRARY = "libc++";
				CLANG_ENABLE_MODULES = YES;
				CLANG_ENABLE_OBJC_ARC = YES;
				CLANG_WARN_BOOL_CONVERSION = YES;
				CLANG_WARN_CONSTANT_CONVERSION = YES;
				CLANG_WARN_DIRECT_OBJC_ISA_USAGE = YES_ERROR;
				CLANG_WARN_DOCUMENTATION_COMMENTS = YES;
				CLANG_WARN_EMPTY_BODY = YES;
				CLANG_WARN_ENUM_CONVERSION = YES;
				CLANG_WARN_INFINITE_RECURSION = YES;
				CLANG_WARN_INT_CONVERSION = YES;
				CLANG_WARN_OBJC_ROOT_CLASS = YES_ERROR;
				CLANG_WARN_SUSPICIOUS_MOVE = YES;
				CLANG_WARN_UNREACHABLE_CODE = YES;
				CLANG_WARN__DUPLICATE_METHOD_MATCH = YES;
				"CODE_SIGN_IDENTITY[sdk=iphoneos*]" = "iPhone Developer";
				COPY_PHASE_STRIP = NO;
				DEBUG_INFORMATION_FORMAT = dwarf;
				ENABLE_STRICT_OBJC_MSGSEND = YES;
				ENABLE_TESTABILITY = YES;
				GCC_C_LANGUAGE_STANDARD = gnu99;
				GCC_DYNAMIC_NO_PIC = NO;
				GCC_NO_COMMON_BLOCKS = YES;
				GCC_OPTIMIZATION_LEVEL = 0;
				GCC_PREPROCESSOR_DEFINITIONS = (
					"DEBUG=1",
					"$(inherited)",
				);
				GCC_WARN_64_TO_32_BIT_CONVERSION = YES;
				GCC_WARN_ABOUT_RETURN_TYPE = YES_ERROR;
				GCC_WARN_UNDECLARED_SELECTOR = YES;
				GCC_WARN_UNINITIALIZED_AUTOS = YES_AGGRESSIVE;
				GCC_WARN_UNUSED_FUNCTION = YES;
				GCC_WARN_UNUSED_VARIABLE = YES;
				IPHONEOS_DEPLOYMENT_TARGET = 10.2;
				MTL_ENABLE_DEBUG_INFO = YES;
				ONLY_ACTIVE_ARCH = YES;
				SDKROOT = iphoneos;
				SWIFT_ACTIVE_COMPILATION_CONDITIONS = DEBUG;
				SWIFT_OPTIMIZATION_LEVEL = "-Onone";
				TARGETED_DEVICE_FAMILY = "1,2";
			};
			name = Debug;
		};
		840FA320201F0F8A007B4958 /* Release */ = {
			isa = XCBuildConfiguration;
			buildSettings = {
				ALWAYS_SEARCH_USER_PATHS = NO;
				CLANG_ANALYZER_NONNULL = YES;
				CLANG_CXX_LANGUAGE_STANDARD = "gnu++0x";
				CLANG_CXX_LIBRARY = "libc++";
				CLANG_ENABLE_MODULES = YES;
				CLANG_ENABLE_OBJC_ARC = YES;
				CLANG_WARN_BOOL_CONVERSION = YES;
				CLANG_WARN_CONSTANT_CONVERSION = YES;
				CLANG_WARN_DIRECT_OBJC_ISA_USAGE = YES_ERROR;
				CLANG_WARN_DOCUMENTATION_COMMENTS = YES;
				CLANG_WARN_EMPTY_BODY = YES;
				CLANG_WARN_ENUM_CONVERSION = YES;
				CLANG_WARN_INFINITE_RECURSION = YES;
				CLANG_WARN_INT_CONVERSION = YES;
				CLANG_WARN_OBJC_ROOT_CLASS = YES_ERROR;
				CLANG_WARN_SUSPICIOUS_MOVE = YES;
				CLANG_WARN_UNREACHABLE_CODE = YES;
				CLANG_WARN__DUPLICATE_METHOD_MATCH = YES;
				"CODE_SIGN_IDENTITY[sdk=iphoneos*]" = "iPhone Developer";
				COPY_PHASE_STRIP = NO;
				DEBUG_INFORMATION_FORMAT = "dwarf-with-dsym";
				ENABLE_NS_ASSERTIONS = NO;
				ENABLE_STRICT_OBJC_MSGSEND = YES;
				GCC_C_LANGUAGE_STANDARD = gnu99;
				GCC_NO_COMMON_BLOCKS = YES;
				GCC_WARN_64_TO_32_BIT_CONVERSION = YES;
				GCC_WARN_ABOUT_RETURN_TYPE = YES_ERROR;
				GCC_WARN_UNDECLARED_SELECTOR = YES;
				GCC_WARN_UNINITIALIZED_AUTOS = YES_AGGRESSIVE;
				GCC_WARN_UNUSED_FUNCTION = YES;
				GCC_WARN_UNUSED_VARIABLE = YES;
				IPHONEOS_DEPLOYMENT_TARGET = 10.2;
				MTL_ENABLE_DEBUG_INFO = NO;
				SDKROOT = iphoneos;
				SWIFT_OPTIMIZATION_LEVEL = "-Owholemodule";
				TARGETED_DEVICE_FAMILY = "1,2";
				VALIDATE_PRODUCT = YES;
			};
			name = Release;
		};
		840FA322201F0F8A007B4958 /* Debug */ = {
			isa = XCBuildConfiguration;
			buildSettings = {
				ASSETCATALOG_COMPILER_APPICON_NAME = AppIcon;
				INFOPLIST_FILE = Cards/Info.plist;
				LD_RUNPATH_SEARCH_PATHS = "$(inherited) @executable_path/Frameworks";
				PRODUCT_BUNDLE_IDENTIFIER = ru.Admin.Cards;
				PRODUCT_NAME = "$(TARGET_NAME)";
				SWIFT_VERSION = 3.0;
			};
			name = Debug;
		};
		840FA323201F0F8A007B4958 /* Release */ = {
			isa = XCBuildConfiguration;
			buildSettings = {
				ASSETCATALOG_COMPILER_APPICON_NAME = AppIcon;
				INFOPLIST_FILE = Cards/Info.plist;
				LD_RUNPATH_SEARCH_PATHS = "$(inherited) @executable_path/Frameworks";
				PRODUCT_BUNDLE_IDENTIFIER = ru.Admin.Cards;
				PRODUCT_NAME = "$(TARGET_NAME)";
				SWIFT_VERSION = 3.0;
			};
			name = Release;
		};
/* End XCBuildConfiguration section */

/* Begin XCConfigurationList section */
		840FA30A201F0F8A007B4958 /* Build configuration list for PBXProject "Cards" */ = {
			isa = XCConfigurationList;
			buildConfigurations = (
				840FA31F201F0F8A007B4958 /* Debug */,
				840FA320201F0F8A007B4958 /* Release */,
			);
			defaultConfigurationIsVisible = 0;
			defaultConfigurationName = Release;
		};
		840FA321201F0F8A007B4958 /* Build configuration list for PBXNativeTarget "Cards" */ = {
			isa = XCConfigurationList;
			buildConfigurations = (
				840FA322201F0F8A007B4958 /* Debug */,
				840FA323201F0F8A007B4958 /* Release */,
			);
			defaultConfigurationIsVisible = 0;
			defaultConfigurationName = Release;
		};
/* End XCConfigurationList section */
	};
	rootObject = 840FA307201F0F8A007B4958 /* Project object */;
}
